
Microsoft Visual Studio Solution File, Format Version 12.00
# Visual Studio Version 17
VisualStudioVersion = 17.12.35527.113 d17.12
MinimumVisualStudioVersion = 10.0.40219.1
Project("{FAE04EC0-301F-11D3-BF4B-00C04F79EFBC}") = "Observer", "Observer\Observer.csproj", "{858C45CD-04ED-4DC1-B610-29FB0CE3944B}"
EndProject
Global
	GlobalSection(SolutionConfigurationPlatforms) = preSolution
		Debug|Any CPU = Debug|Any CPU
		Release|Any CPU = Release|Any CPU
	EndGlobalSection
	GlobalSection(ProjectConfigurationPlatforms) = postSolution
		{858C45CD-04ED-4DC1-B610-29FB0CE3944B}.Debug|Any CPU.ActiveCfg = Debug|Any CPU
		{858C45CD-04ED-4DC1-B610-29FB0CE3944B}.Debug|Any CPU.Build.0 = Debug|Any CPU
		{858C45CD-04ED-4DC1-B610-29FB0CE3944B}.Release|Any CPU.ActiveCfg = Release|Any CPU
		{858C45CD-04ED-4DC1-B610-29FB0CE3944B}.Release|Any CPU.Build.0 = Release|Any CPU
	EndGlobalSection
	GlobalSection(SolutionProperties) = preSolution
		HideSolutionNode = FALSE
	EndGlobalSection
EndGlobal
