
Microsoft Visual Studio Solution File, Format Version 12.00
# Visual Studio Version 17
VisualStudioVersion = 17.6.33815.320
MinimumVisualStudioVersion = 10.0.40219.1
Project("{FAE04EC0-301F-11D3-BF4B-00C04F79EFBC}") = "Strategy", "Strategy\Strategy.csproj", "{A09F0442-3A48-49C2-B422-CA2AC9CFD131}"
EndProject
Global
	GlobalSection(SolutionConfigurationPlatforms) = preSolution
		Debug|Any CPU = Debug|Any CPU
		Release|Any CPU = Release|Any CPU
	EndGlobalSection
	GlobalSection(ProjectConfigurationPlatforms) = postSolution
		{A09F0442-3A48-49C2-B422-CA2AC9CFD131}.Debug|Any CPU.ActiveCfg = Debug|Any CPU
		{A09F0442-3A48-49C2-B422-CA2AC9CFD131}.Debug|Any CPU.Build.0 = Debug|Any CPU
		{A09F0442-3A48-49C2-B422-CA2AC9CFD131}.Release|Any CPU.ActiveCfg = Release|Any CPU
		{A09F0442-3A48-49C2-B422-CA2AC9CFD131}.Release|Any CPU.Build.0 = Release|Any CPU
	EndGlobalSection
	GlobalSection(SolutionProperties) = preSolution
		HideSolutionNode = FALSE
	EndGlobalSection
	GlobalSection(ExtensibilityGlobals) = postSolution
		SolutionGuid = {6D92A2A7-7E5B-4449-A947-34199452969C}
	EndGlobalSection
EndGlobal
